
Microsoft Visual Studio Solution File, Format Version 12.00
# Visual Studio Version 16
VisualStudioVersion = 16.0.31424.327
MinimumVisualStudioVersion = 10.0.40219.1
Project("{FAE04EC0-301F-11D3-BF4B-00C04F79EFBC}") = "Imagen", "Imagen\Imagen.csproj", "{4958153B-636C-4B30-AC23-04484DFEBAEB}"
EndProject
Global
	GlobalSection(SolutionConfigurationPlatforms) = preSolution
		Debug|Any CPU = Debug|Any CPU
		Release|Any CPU = Release|Any CPU
	EndGlobalSection
	GlobalSection(ProjectConfigurationPlatforms) = postSolution
		{4958153B-636C-4B30-AC23-04484DFEBAEB}.Debug|Any CPU.ActiveCfg = Debug|Any CPU
		{4958153B-636C-4B30-AC23-04484DFEBAEB}.Debug|Any CPU.Build.0 = Debug|Any CPU
		{4958153B-636C-4B30-AC23-04484DFEBAEB}.Release|Any CPU.ActiveCfg = Release|Any CPU
		{4958153B-636C-4B30-AC23-04484DFEBAEB}.Release|Any CPU.Build.0 = Release|Any CPU
	EndGlobalSection
	GlobalSection(SolutionProperties) = preSolution
		HideSolutionNode = FALSE
	EndGlobalSection
	GlobalSection(ExtensibilityGlobals) = postSolution
		SolutionGuid = {84012829-629A-4F6A-949A-23F3E08468E4}
	EndGlobalSection
EndGlobal
